
Microsoft Visual Studio Solution File, Format Version 12.00
# Visual Studio Version 16
VisualStudioVersion = 16.0.33529.622
MinimumVisualStudioVersion = 10.0.40219.1
Project("{FAE04EC0-301F-11D3-BF4B-00C04F79EFBC}") = "UnitTestProject1", "UnitTestProject1\UnitTestProject1.csproj", "{197ED4B8-35D4-4CE6-8D24-7EC6DEF4A867}"
EndProject
Global
	GlobalSection(SolutionConfigurationPlatforms) = preSolution
		Debug|Any CPU = Debug|Any CPU
		Release|Any CPU = Release|Any CPU
	EndGlobalSection
	GlobalSection(ProjectConfigurationPlatforms) = postSolution
		{197ED4B8-35D4-4CE6-8D24-7EC6DEF4A867}.Debug|Any CPU.ActiveCfg = Debug|Any CPU
		{197ED4B8-35D4-4CE6-8D24-7EC6DEF4A867}.Debug|Any CPU.Build.0 = Debug|Any CPU
		{197ED4B8-35D4-4CE6-8D24-7EC6DEF4A867}.Release|Any CPU.ActiveCfg = Release|Any CPU
		{197ED4B8-35D4-4CE6-8D24-7EC6DEF4A867}.Release|Any CPU.Build.0 = Release|Any CPU
	EndGlobalSection
	GlobalSection(SolutionProperties) = preSolution
		HideSolutionNode = FALSE
	EndGlobalSection
	GlobalSection(ExtensibilityGlobals) = postSolution
		SolutionGuid = {2E5C53B5-3660-4356-BBC2-3AA96653A782}
	EndGlobalSection
EndGlobal
